<?xml version="1.0" encoding="UTF-8"?>
<!DOCTYPE plist PUBLIC "-//Apple//DTD PLIST 1.0//EN" "http://www.apple.com/DTDs/PropertyList-1.0.dtd">
<plist version="1.0">
<dict>
	<key>archiveVersion</key>
	<string>1</string>
	<key>classes</key>
	<dict/>
	<key>objectVersion</key>
	<string>56</string>
	<key>objects</key>
	<dict>
		<key>D2A5DF0CF5079D20F1F88F05</key>
		<dict>
			<key>isa</key>
			<string>PBXFileReference</string>
			<key>lastKnownFileType</key>
			<string>sourcecode.swift</string>
			<key>path</key>
			<string>App/AutoSleepIntent.swift</string>
			<key>sourceTree</key>
			<string>&lt;group&gt;</string>
		</dict>
		<key>84EEB9231540E40C154A5B08</key>
		<dict>
			<key>isa</key>
			<string>PBXBuildFile</string>
			<key>fileRef</key>
			<string>D2A5DF0CF5079D20F1F88F05</string>
		</dict>
		<key>B0CC78C51965DF9A50EA8653</key>
		<dict>
			<key>isa</key>
			<string>PBXFileReference</string>
			<key>lastKnownFileType</key>
			<string>sourcecode.swift</string>
			<key>path</key>
			<string>App/ChatGPTSession.swift</string>
			<key>sourceTree</key>
			<string>&lt;group&gt;</string>
		</dict>
		<key>80AA1DE8DB0110C532738104</key>
		<dict>
			<key>isa</key>
			<string>PBXBuildFile</string>
			<key>fileRef</key>
			<string>B0CC78C51965DF9A50EA8653</string>
		</dict>
		<key>E5FF0273EFB7A812F8793BFB</key>
		<dict>
			<key>isa</key>
			<string>PBXFileReference</string>
			<key>lastKnownFileType</key>
			<string>sourcecode.swift</string>
			<key>path</key>
			<string>App/EnergyReviewPage.swift</string>
			<key>sourceTree</key>
			<string>&lt;group&gt;</string>
		</dict>
		<key>D8900A31639B66FC9D519145</key>
		<dict>
			<key>isa</key>
			<string>PBXBuildFile</string>
			<key>fileRef</key>
			<string>E5FF0273EFB7A812F8793BFB</string>
		</dict>
		<key>16257F3997A9971BE5F2903E</key>
		<dict>
			<key>isa</key>
			<string>PBXFileReference</string>
			<key>lastKnownFileType</key>
			<string>sourcecode.swift</string>
			<key>path</key>
			<string>App/FoodAnalysisPage.swift</string>
			<key>sourceTree</key>
			<string>&lt;group&gt;</string>
		</dict>
		<key>0303B88F53F03E5A7A9555E7</key>
		<dict>
			<key>isa</key>
			<string>PBXBuildFile</string>
			<key>fileRef</key>
			<string>16257F3997A9971BE5F2903E</string>
		</dict>
		<key>D686560B0EF3C7B240B886BE</key>
		<dict>
			<key>isa</key>
			<string>PBXFileReference</string>
			<key>lastKnownFileType</key>
			<string>sourcecode.swift</string>
			<key>path</key>
			<string>App/FoodLabelPage.swift</string>
			<key>sourceTree</key>
			<string>&lt;group&gt;</string>
		</dict>
		<key>48D577006DE3E5D7C0B2172D</key>
		<dict>
			<key>isa</key>
			<string>PBXBuildFile</string>
			<key>fileRef</key>
			<string>D686560B0EF3C7B240B886BE</string>
		</dict>
		<key>628D3F1E6CE261106406EEFB</key>
		<dict>
			<key>isa</key>
			<string>PBXFileReference</string>
			<key>lastKnownFileType</key>
			<string>sourcecode.swift</string>
			<key>path</key>
			<string>App/FoodPages.swift</string>
			<key>sourceTree</key>
			<string>&lt;group&gt;</string>
		</dict>
		<key>D2B8569B0F4CF1FFF3F0B270</key>
		<dict>
			<key>isa</key>
			<string>PBXBuildFile</string>
			<key>fileRef</key>
			<string>628D3F1E6CE261106406EEFB</string>
		</dict>
		<key>112E16E1B6459400150C9A6E</key>
		<dict>
			<key>isa</key>
			<string>PBXFileReference</string>
			<key>lastKnownFileType</key>
			<string>sourcecode.swift</string>
			<key>path</key>
			<string>App/FoodPresetOrder.swift</string>
			<key>sourceTree</key>
			<string>&lt;group&gt;</string>
		</dict>
		<key>6E7CE7431497F66F3646CFB6</key>
		<dict>
			<key>isa</key>
			<string>PBXBuildFile</string>
			<key>fileRef</key>
			<string>112E16E1B6459400150C9A6E</string>
		</dict>
		<key>515E03B9A61130D7BEFC3B80</key>
		<dict>
			<key>isa</key>
			<string>PBXFileReference</string>
			<key>lastKnownFileType</key>
			<string>sourcecode.swift</string>
			<key>path</key>
			<string>App/FoodPreview.swift</string>
			<key>sourceTree</key>
			<string>&lt;group&gt;</string>
		</dict>
		<key>87C0010F438BDACEB418FEB5</key>
		<dict>
			<key>isa</key>
			<string>PBXBuildFile</string>
			<key>fileRef</key>
			<string>515E03B9A61130D7BEFC3B80</string>
		</dict>
		<key>28A086EFCD78A99E1B0C7F15</key>
		<dict>
			<key>isa</key>
			<string>PBXFileReference</string>
			<key>lastKnownFileType</key>
			<string>sourcecode.swift</string>
			<key>path</key>
			<string>App/FoodSearchPreferences.swift</string>
			<key>sourceTree</key>
			<string>&lt;group&gt;</string>
		</dict>
		<key>9DFC07924A2EC7C4D02BCA51</key>
		<dict>
			<key>isa</key>
			<string>PBXBuildFile</string>
			<key>fileRef</key>
			<string>28A086EFCD78A99E1B0C7F15</string>
		</dict>
		<key>1111A31DD0AA1BE6A13741A2</key>
		<dict>
			<key>isa</key>
			<string>PBXFileReference</string>
			<key>lastKnownFileType</key>
			<string>sourcecode.swift</string>
			<key>path</key>
			<string>App/GoogleTransport.swift</string>
			<key>sourceTree</key>
			<string>&lt;group&gt;</string>
		</dict>
		<key>E0E10AD3DEDBC6F99E82B859</key>
		<dict>
			<key>isa</key>
			<string>PBXBuildFile</string>
			<key>fileRef</key>
			<string>1111A31DD0AA1BE6A13741A2</string>
		</dict>
		<key>EEEFA6421C30C27789AE6CA7</key>
		<dict>
			<key>isa</key>
			<string>PBXFileReference</string>
			<key>lastKnownFileType</key>
			<string>sourcecode.swift</string>
			<key>path</key>
			<string>App/HealthKitClient.swift</string>
			<key>sourceTree</key>
			<string>&lt;group&gt;</string>
		</dict>
		<key>0AFD10F3E68833627D5B5289</key>
		<dict>
			<key>isa</key>
			<string>PBXBuildFile</string>
			<key>fileRef</key>
			<string>EEEFA6421C30C27789AE6CA7</string>
		</dict>
		<key>4E5341795942A7607444FDEC</key>
		<dict>
			<key>isa</key>
			<string>PBXFileReference</string>
			<key>lastKnownFileType</key>
			<string>sourcecode.swift</string>
			<key>path</key>
			<string>App/HealthPages.swift</string>
			<key>sourceTree</key>
			<string>&lt;group&gt;</string>
		</dict>
		<key>B11A501E5E4690E9C3EC0E5F</key>
		<dict>
			<key>isa</key>
			<string>PBXBuildFile</string>
			<key>fileRef</key>
			<string>4E5341795942A7607444FDEC</string>
		</dict>
		<key>FB0F263161D556A97DE25EF3</key>
		<dict>
			<key>isa</key>
			<string>PBXFileReference</string>
			<key>lastKnownFileType</key>
			<string>sourcecode.swift</string>
			<key>path</key>
			<string>App/HealthPreview.swift</string>
			<key>sourceTree</key>
			<string>&lt;group&gt;</string>
		</dict>
		<key>28DCDF4BEFD7C74B6D91AB89</key>
		<dict>
			<key>isa</key>
			<string>PBXBuildFile</string>
			<key>fileRef</key>
			<string>FB0F263161D556A97DE25EF3</string>
		</dict>
		<key>91327BD56C72A31BC0C2302D</key>
		<dict>
			<key>isa</key>
			<string>PBXFileReference</string>
			<key>lastKnownFileType</key>
			<string>sourcecode.swift</string>
			<key>path</key>
			<string>App/HealthRuntime.swift</string>
			<key>sourceTree</key>
			<string>&lt;group&gt;</string>
		</dict>
		<key>ADA75768DD5639E6CB6CB463</key>
		<dict>
			<key>isa</key>
			<string>PBXBuildFile</string>
			<key>fileRef</key>
			<string>91327BD56C72A31BC0C2302D</string>
		</dict>
		<key>FFC369A87AF89B0E9A7ED1C3</key>
		<dict>
			<key>isa</key>
			<string>PBXFileReference</string>
			<key>lastKnownFileType</key>
			<string>sourcecode.swift</string>
			<key>path</key>
			<string>App/HubApp.swift</string>
			<key>sourceTree</key>
			<string>&lt;group&gt;</string>
		</dict>
		<key>7728B173352D5C9A1C82AEA2</key>
		<dict>
			<key>isa</key>
			<string>PBXBuildFile</string>
			<key>fileRef</key>
			<string>FFC369A87AF89B0E9A7ED1C3</string>
		</dict>
		<key>A3E063B9584C69A2F6CCC51E</key>
		<dict>
			<key>isa</key>
			<string>PBXFileReference</string>
			<key>lastKnownFileType</key>
			<string>sourcecode.swift</string>
			<key>path</key>
			<string>App/HubMockLayout.swift</string>
			<key>sourceTree</key>
			<string>&lt;group&gt;</string>
		</dict>
		<key>B0D8D8B79A212618FD172DBD</key>
		<dict>
			<key>isa</key>
			<string>PBXBuildFile</string>
			<key>fileRef</key>
			<string>A3E063B9584C69A2F6CCC51E</string>
		</dict>
		<key>ED19904F3AF1830D3B690D54</key>
		<dict>
			<key>isa</key>
			<string>PBXFileReference</string>
			<key>lastKnownFileType</key>
			<string>sourcecode.swift</string>
			<key>path</key>
			<string>App/HubModel.swift</string>
			<key>sourceTree</key>
			<string>&lt;group&gt;</string>
		</dict>
		<key>5A6C66616B6F219B48E4891D</key>
		<dict>
			<key>isa</key>
			<string>PBXBuildFile</string>
			<key>fileRef</key>
			<string>ED19904F3AF1830D3B690D54</string>
		</dict>
		<key>C3A3BAAF7FEAD4BB93B61254</key>
		<dict>
			<key>isa</key>
			<string>PBXFileReference</string>
			<key>lastKnownFileType</key>
			<string>sourcecode.swift</string>
			<key>path</key>
			<string>App/HubPreview.swift</string>
			<key>sourceTree</key>
			<string>&lt;group&gt;</string>
		</dict>
		<key>7811E0BA12DAB2B3C48FF341</key>
		<dict>
			<key>isa</key>
			<string>PBXBuildFile</string>
			<key>fileRef</key>
			<string>C3A3BAAF7FEAD4BB93B61254</string>
		</dict>
		<key>C6957E3859EAB8E3F2698EC6</key>
		<dict>
			<key>isa</key>
			<string>PBXFileReference</string>
			<key>lastKnownFileType</key>
			<string>sourcecode.swift</string>
			<key>path</key>
			<string>App/HubRoot.swift</string>
			<key>sourceTree</key>
			<string>&lt;group&gt;</string>
		</dict>
		<key>3CAF13DAB2F8382B46DBF5B4</key>
		<dict>
			<key>isa</key>
			<string>PBXBuildFile</string>
			<key>fileRef</key>
			<string>C6957E3859EAB8E3F2698EC6</string>
		</dict>
		<key>4819592C572C5C2177678798</key>
		<dict>
			<key>isa</key>
			<string>PBXFileReference</string>
			<key>lastKnownFileType</key>
			<string>sourcecode.swift</string>
			<key>path</key>
			<string>App/HydrationPage.swift</string>
			<key>sourceTree</key>
			<string>&lt;group&gt;</string>
		</dict>
		<key>76B57438062AFEFA80637E0C</key>
		<dict>
			<key>isa</key>
			<string>PBXBuildFile</string>
			<key>fileRef</key>
			<string>4819592C572C5C2177678798</string>
		</dict>
		<key>419C64631F600E4A94A0A3A2</key>
		<dict>
			<key>isa</key>
			<string>PBXFileReference</string>
			<key>lastKnownFileType</key>
			<string>sourcecode.swift</string>
			<key>path</key>
			<string>App/Motion.swift</string>
			<key>sourceTree</key>
			<string>&lt;group&gt;</string>
		</dict>
		<key>7AA376ACDCAB84F736974B1E</key>
		<dict>
			<key>isa</key>
			<string>PBXBuildFile</string>
			<key>fileRef</key>
			<string>419C64631F600E4A94A0A3A2</string>
		</dict>
		<key>5D271407DE43019849E5523B</key>
		<dict>
			<key>isa</key>
			<string>PBXFileReference</string>
			<key>lastKnownFileType</key>
			<string>sourcecode.swift</string>
			<key>path</key>
			<string>App/MotionPatterns.swift</string>
			<key>sourceTree</key>
			<string>&lt;group&gt;</string>
		</dict>
		<key>29400D2F4F18E8B2A95F463B</key>
		<dict>
			<key>isa</key>
			<string>PBXBuildFile</string>
			<key>fileRef</key>
			<string>5D271407DE43019849E5523B</string>
		</dict>
		<key>0FFA399C2701C795B574A85D</key>
		<dict>
			<key>isa</key>
			<string>PBXFileReference</string>
			<key>lastKnownFileType</key>
			<string>sourcecode.swift</string>
			<key>path</key>
			<string>App/MuscleRecoveryPage.swift</string>
			<key>sourceTree</key>
			<string>&lt;group&gt;</string>
		</dict>
		<key>E5486B74D90B0F39D1968E80</key>
		<dict>
			<key>isa</key>
			<string>PBXBuildFile</string>
			<key>fileRef</key>
			<string>0FFA399C2701C795B574A85D</string>
		</dict>
		<key>3D5234A3DC753ED815D15000</key>
		<dict>
			<key>isa</key>
			<string>PBXFileReference</string>
			<key>lastKnownFileType</key>
			<string>sourcecode.swift</string>
			<key>path</key>
			<string>App/NumericHistory.swift</string>
			<key>sourceTree</key>
			<string>&lt;group&gt;</string>
		</dict>
		<key>046732F1B19785FB895FEA62</key>
		<dict>
			<key>isa</key>
			<string>PBXBuildFile</string>
			<key>fileRef</key>
			<string>3D5234A3DC753ED815D15000</string>
		</dict>
		<key>435F69A5270C531FCC3D998E</key>
		<dict>
			<key>isa</key>
			<string>PBXFileReference</string>
			<key>lastKnownFileType</key>
			<string>sourcecode.swift</string>
			<key>path</key>
			<string>App/PlanningPages.swift</string>
			<key>sourceTree</key>
			<string>&lt;group&gt;</string>
		</dict>
		<key>5C390B93EF206A8375ED3492</key>
		<dict>
			<key>isa</key>
			<string>PBXBuildFile</string>
			<key>fileRef</key>
			<string>435F69A5270C531FCC3D998E</string>
		</dict>
		<key>7E36BF92D461A3E0CE346A24</key>
		<dict>
			<key>isa</key>
			<string>PBXFileReference</string>
			<key>lastKnownFileType</key>
			<string>sourcecode.swift</string>
			<key>path</key>
			<string>App/PlanningPreview.swift</string>
			<key>sourceTree</key>
			<string>&lt;group&gt;</string>
		</dict>
		<key>646454A778DABCCF0558421B</key>
		<dict>
			<key>isa</key>
			<string>PBXBuildFile</string>
			<key>fileRef</key>
			<string>7E36BF92D461A3E0CE346A24</string>
		</dict>
		<key>4B6875E264B0D4A7D948B6D6</key>
		<dict>
			<key>isa</key>
			<string>PBXFileReference</string>
			<key>lastKnownFileType</key>
			<string>sourcecode.swift</string>
			<key>path</key>
			<string>App/RecordingPreferences.swift</string>
			<key>sourceTree</key>
			<string>&lt;group&gt;</string>
		</dict>
		<key>4FDD7263E307F7549246D783</key>
		<dict>
			<key>isa</key>
			<string>PBXBuildFile</string>
			<key>fileRef</key>
			<string>4B6875E264B0D4A7D948B6D6</string>
		</dict>
		<key>DCF3F967B65AE55B80B5DEFE</key>
		<dict>
			<key>isa</key>
			<string>PBXFileReference</string>
			<key>lastKnownFileType</key>
			<string>sourcecode.swift</string>
			<key>path</key>
			<string>App/ReferenceFoodPage.swift</string>
			<key>sourceTree</key>
			<string>&lt;group&gt;</string>
		</dict>
		<key>E14ED470F54F9AC827D652DA</key>
		<dict>
			<key>isa</key>
			<string>PBXBuildFile</string>
			<key>fileRef</key>
			<string>DCF3F967B65AE55B80B5DEFE</string>
		</dict>
		<key>F2E30A4419922D57D7B7F6B8</key>
		<dict>
			<key>isa</key>
			<string>PBXFileReference</string>
			<key>lastKnownFileType</key>
			<string>sourcecode.swift</string>
			<key>path</key>
			<string>App/SharedPlatePage.swift</string>
			<key>sourceTree</key>
			<string>&lt;group&gt;</string>
		</dict>
		<key>56F22F7A4BDFBA324C308B00</key>
		<dict>
			<key>isa</key>
			<string>PBXBuildFile</string>
			<key>fileRef</key>
			<string>F2E30A4419922D57D7B7F6B8</string>
		</dict>
		<key>4FBD24ABA1570897E23E5DA6</key>
		<dict>
			<key>isa</key>
			<string>PBXFileReference</string>
			<key>lastKnownFileType</key>
			<string>sourcecode.swift</string>
			<key>path</key>
			<string>App/SleepTrainingInsightsPage.swift</string>
			<key>sourceTree</key>
			<string>&lt;group&gt;</string>
		</dict>
		<key>6E0D3E6034DA970276B5577C</key>
		<dict>
			<key>isa</key>
			<string>PBXBuildFile</string>
			<key>fileRef</key>
			<string>4FBD24ABA1570897E23E5DA6</string>
		</dict>
		<key>112CBB029ACD5628274A2DFE</key>
		<dict>
			<key>isa</key>
			<string>PBXFileReference</string>
			<key>lastKnownFileType</key>
			<string>sourcecode.swift</string>
			<key>path</key>
			<string>App/TrainingInsightsPage.swift</string>
			<key>sourceTree</key>
			<string>&lt;group&gt;</string>
		</dict>
		<key>3CDA3E0DB156C4513C2A4CA8</key>
		<dict>
			<key>isa</key>
			<string>PBXBuildFile</string>
			<key>fileRef</key>
			<string>112CBB029ACD5628274A2DFE</string>
		</dict>
		<key>6984CEE09765AD7289420964</key>
		<dict>
			<key>isa</key>
			<string>PBXFileReference</string>
			<key>lastKnownFileType</key>
			<string>sourcecode.swift</string>
			<key>path</key>
			<string>App/TrainingPages.swift</string>
			<key>sourceTree</key>
			<string>&lt;group&gt;</string>
		</dict>
		<key>024CD989C5F2903F8FCCDB55</key>
		<dict>
			<key>isa</key>
			<string>PBXBuildFile</string>
			<key>fileRef</key>
			<string>6984CEE09765AD7289420964</string>
		</dict>
		<key>98DF2AFEF9134BACA557C4A1</key>
		<dict>
			<key>isa</key>
			<string>PBXFileReference</string>
			<key>lastKnownFileType</key>
			<string>sourcecode.swift</string>
			<key>path</key>
			<string>App/TrainingPreview.swift</string>
			<key>sourceTree</key>
			<string>&lt;group&gt;</string>
		</dict>
		<key>FFE4116284CF2F1266A99519</key>
		<dict>
			<key>isa</key>
			<string>PBXBuildFile</string>
			<key>fileRef</key>
			<string>98DF2AFEF9134BACA557C4A1</string>
		</dict>
		<key>AE9C02EF461CA72BAF68F1A5</key>
		<dict>
			<key>isa</key>
			<string>PBXFileReference</string>
			<key>lastKnownFileType</key>
			<string>sourcecode.swift</string>
			<key>path</key>
			<string>App/WeeklyAllocationPage.swift</string>
			<key>sourceTree</key>
			<string>&lt;group&gt;</string>
		</dict>
		<key>B3F66E83FC145ACD97E15981</key>
		<dict>
			<key>isa</key>
			<string>PBXBuildFile</string>
			<key>fileRef</key>
			<string>AE9C02EF461CA72BAF68F1A5</string>
		</dict>
		<key>7EDBA17F6DB24FCBA7C7DB91</key>
		<dict>
			<key>isa</key>
			<string>PBXFileReference</string>
			<key>lastKnownFileType</key>
			<string>sourcecode.swift</string>
			<key>path</key>
			<string>../Probe/Core/Sources/PHHProbeCore/ChatGPTPlan.swift</string>
			<key>sourceTree</key>
			<string>&lt;group&gt;</string>
		</dict>
		<key>BDC2B6C6B12C634A8B41205E</key>
		<dict>
			<key>isa</key>
			<string>PBXBuildFile</string>
			<key>fileRef</key>
			<string>7EDBA17F6DB24FCBA7C7DB91</string>
		</dict>
		<key>B38D9D168C3AEDF156F4F249</key>
		<dict>
			<key>isa</key>
			<string>PBXFileReference</string>
			<key>lastKnownFileType</key>
			<string>text.plist.xml</string>
			<key>path</key>
			<string>Configuration/Connection.plist</string>
			<key>sourceTree</key>
			<string>&lt;group&gt;</string>
		</dict>
		<key>D6D2A14C0A920E239FB7BD49</key>
		<dict>
			<key>isa</key>
			<string>PBXFileReference</string>
			<key>lastKnownFileType</key>
			<string>text.xcconfig</string>
			<key>path</key>
			<string>Configuration/Local.xcconfig</string>
			<key>sourceTree</key>
			<string>&lt;group&gt;</string>
		</dict>
		<key>EAAB90030D08D7977C0B9BEB</key>
		<dict>
			<key>isa</key>
			<string>PBXBuildFile</string>
			<key>fileRef</key>
			<string>B38D9D168C3AEDF156F4F249</string>
		</dict>
		<key>6EEB55F76600D4AD08BE72AD</key>
		<dict>
			<key>isa</key>
			<string>PBXResourcesBuildPhase</string>
			<key>buildActionMask</key>
			<integer>2147483647</integer>
			<key>files</key>
			<array>
				<string>EAAB90030D08D7977C0B9BEB</string>
			</array>
			<key>runOnlyForDeploymentPostprocessing</key>
			<integer>0</integer>
		</dict>
		<key>BBDEFA2950F49882F295B128</key>
		<dict>
			<key>isa</key>
			<string>XCRemoteSwiftPackageReference</string>
			<key>repositoryURL</key>
			<string>https://github.com/google/GoogleSignIn-iOS</string>
			<key>requirement</key>
			<dict>
				<key>kind</key>
				<string>exactVersion</string>
				<key>version</key>
				<string>10.0.0</string>
			</dict>
		</dict>
		<key>0D45F5FD462B8C70BFFB1002</key>
		<dict>
			<key>isa</key>
			<string>XCLocalSwiftPackageReference</string>
			<key>relativePath</key>
			<string>Core</string>
		</dict>
		<key>5059BA31087F8E0AC1388971</key>
		<dict>
			<key>isa</key>
			<string>XCSwiftPackageProductDependency</string>
			<key>package</key>
			<string>0D45F5FD462B8C70BFFB1002</string>
			<key>productName</key>
			<string>PHHHubCore</string>
		</dict>
		<key>BE4DF47CA4F3186875B447C0</key>
		<dict>
			<key>isa</key>
			<string>PBXBuildFile</string>
			<key>productRef</key>
			<string>5059BA31087F8E0AC1388971</string>
		</dict>
		<key>28F278C2D0942B608412027A</key>
		<dict>
			<key>isa</key>
			<string>XCSwiftPackageProductDependency</string>
			<key>package</key>
			<string>BBDEFA2950F49882F295B128</string>
			<key>productName</key>
			<string>GoogleSignIn</string>
		</dict>
		<key>D2D5F8770798B76C012EC55E</key>
		<dict>
			<key>isa</key>
			<string>PBXBuildFile</string>
			<key>productRef</key>
			<string>28F278C2D0942B608412027A</string>
		</dict>
		<key>91A9F423FB2DDA4030BB7931</key>
		<dict>
			<key>isa</key>
			<string>XCSwiftPackageProductDependency</string>
			<key>package</key>
			<string>BBDEFA2950F49882F295B128</string>
			<key>productName</key>
			<string>GoogleSignInSwift</string>
		</dict>
		<key>4C47AE8BF1415E39089C770C</key>
		<dict>
			<key>isa</key>
			<string>PBXBuildFile</string>
			<key>productRef</key>
			<string>91A9F423FB2DDA4030BB7931</string>
		</dict>
		<key>E2AA269EB967A8853A258BFA</key>
		<dict>
			<key>isa</key>
			<string>PBXFrameworksBuildPhase</string>
			<key>buildActionMask</key>
			<integer>2147483647</integer>
			<key>files</key>
			<array>
				<string>BE4DF47CA4F3186875B447C0</string>
				<string>D2D5F8770798B76C012EC55E</string>
				<string>4C47AE8BF1415E39089C770C</string>
			</array>
			<key>runOnlyForDeploymentPostprocessing</key>
			<integer>0</integer>
		</dict>
		<key>878A52FC5FF6A57D50B7B870</key>
		<dict>
			<key>isa</key>
			<string>PBXSourcesBuildPhase</string>
			<key>buildActionMask</key>
			<integer>2147483647</integer>
			<key>files</key>
			<array>
				<string>84EEB9231540E40C154A5B08</string>
				<string>80AA1DE8DB0110C532738104</string>
				<string>D8900A31639B66FC9D519145</string>
				<string>0303B88F53F03E5A7A9555E7</string>
				<string>48D577006DE3E5D7C0B2172D</string>
				<string>D2B8569B0F4CF1FFF3F0B270</string>
				<string>6E7CE7431497F66F3646CFB6</string>
				<string>87C0010F438BDACEB418FEB5</string>
				<string>9DFC07924A2EC7C4D02BCA51</string>
				<string>E0E10AD3DEDBC6F99E82B859</string>
				<string>0AFD10F3E68833627D5B5289</string>
				<string>B11A501E5E4690E9C3EC0E5F</string>
				<string>28DCDF4BEFD7C74B6D91AB89</string>
				<string>ADA75768DD5639E6CB6CB463</string>
				<string>7728B173352D5C9A1C82AEA2</string>
				<string>B0D8D8B79A212618FD172DBD</string>
				<string>5A6C66616B6F219B48E4891D</string>
				<string>7811E0BA12DAB2B3C48FF341</string>
				<string>3CAF13DAB2F8382B46DBF5B4</string>
				<string>76B57438062AFEFA80637E0C</string>
				<string>7AA376ACDCAB84F736974B1E</string>
				<string>29400D2F4F18E8B2A95F463B</string>
				<string>E5486B74D90B0F39D1968E80</string>
				<string>046732F1B19785FB895FEA62</string>
				<string>5C390B93EF206A8375ED3492</string>
				<string>646454A778DABCCF0558421B</string>
				<string>4FDD7263E307F7549246D783</string>
				<string>E14ED470F54F9AC827D652DA</string>
				<string>56F22F7A4BDFBA324C308B00</string>
				<string>6E0D3E6034DA970276B5577C</string>
				<string>3CDA3E0DB156C4513C2A4CA8</string>
				<string>024CD989C5F2903F8FCCDB55</string>
				<string>FFE4116284CF2F1266A99519</string>
				<string>B3F66E83FC145ACD97E15981</string>
				<string>BDC2B6C6B12C634A8B41205E</string>
			</array>
			<key>runOnlyForDeploymentPostprocessing</key>
			<integer>0</integer>
		</dict>
		<key>A8792157CB4F27FB949C035F</key>
		<dict>
			<key>isa</key>
			<string>PBXFileReference</string>
			<key>explicitFileType</key>
			<string>wrapper.application</string>
			<key>path</key>
			<string>PHHHub.app</string>
			<key>sourceTree</key>
			<string>BUILT_PRODUCTS_DIR</string>
		</dict>
		<key>0A3E27B8CA818264D75C8D81</key>
		<dict>
			<key>isa</key>
			<string>PBXGroup</string>
			<key>children</key>
			<array>
				<string>A8792157CB4F27FB949C035F</string>
				<string>C8E484EC641F0F4A1CB1FE41</string>
			</array>
			<key>name</key>
			<string>Products</string>
			<key>sourceTree</key>
			<string>&lt;group&gt;</string>
		</dict>
		<key>0D6E4079E36703EBD37C0072</key>
		<dict>
			<key>isa</key>
			<string>PBXGroup</string>
			<key>children</key>
			<array>
				<string>D2A5DF0CF5079D20F1F88F05</string>
				<string>B0CC78C51965DF9A50EA8653</string>
				<string>E5FF0273EFB7A812F8793BFB</string>
				<string>16257F3997A9971BE5F2903E</string>
				<string>D686560B0EF3C7B240B886BE</string>
				<string>628D3F1E6CE261106406EEFB</string>
				<string>112E16E1B6459400150C9A6E</string>
				<string>515E03B9A61130D7BEFC3B80</string>
				<string>28A086EFCD78A99E1B0C7F15</string>
				<string>1111A31DD0AA1BE6A13741A2</string>
				<string>EEEFA6421C30C27789AE6CA7</string>
				<string>4E5341795942A7607444FDEC</string>
				<string>FB0F263161D556A97DE25EF3</string>
				<string>91327BD56C72A31BC0C2302D</string>
				<string>FFC369A87AF89B0E9A7ED1C3</string>
				<string>A3E063B9584C69A2F6CCC51E</string>
				<string>ED19904F3AF1830D3B690D54</string>
				<string>C3A3BAAF7FEAD4BB93B61254</string>
				<string>C6957E3859EAB8E3F2698EC6</string>
				<string>4819592C572C5C2177678798</string>
				<string>419C64631F600E4A94A0A3A2</string>
				<string>5D271407DE43019849E5523B</string>
				<string>0FFA399C2701C795B574A85D</string>
				<string>3D5234A3DC753ED815D15000</string>
				<string>435F69A5270C531FCC3D998E</string>
				<string>7E36BF92D461A3E0CE346A24</string>
				<string>4B6875E264B0D4A7D948B6D6</string>
				<string>DCF3F967B65AE55B80B5DEFE</string>
				<string>F2E30A4419922D57D7B7F6B8</string>
				<string>4FBD24ABA1570897E23E5DA6</string>
				<string>112CBB029ACD5628274A2DFE</string>
				<string>6984CEE09765AD7289420964</string>
				<string>98DF2AFEF9134BACA557C4A1</string>
				<string>AE9C02EF461CA72BAF68F1A5</string>
				<string>7EDBA17F6DB24FCBA7C7DB91</string>
				<string>B38D9D168C3AEDF156F4F249</string>
				<string>D6D2A14C0A920E239FB7BD49</string>
				<string>0A3E27B8CA818264D75C8D81</string>
				<string>F5F993C2B1FE8FA43E7709E5</string>
				<string>8BA0547B2BEC0E41492B9069</string>
				<string>486300CAC6BAFCD8A9C1F611</string>
				<string>A75BB75487197B9746C06723</string>
				<string>D7677821F9AC5B5FC827E322</string>
				<string>41CE8BADA27D8408DA1EA9DB</string>
				<string>BA864C19F90544C20D9DDBB5</string>
			</array>
			<key>sourceTree</key>
			<string>&lt;group&gt;</string>
		</dict>
		<key>6C7EFF6369083C8E1F2B1994</key>
		<dict>
			<key>isa</key>
			<string>XCBuildConfiguration</string>
			<key>name</key>
			<string>Debug</string>
			<key>buildSettings</key>
			<dict>
				<key>PRODUCT_NAME</key>
				<string>PHHHub</string>
				<key>PRODUCT_BUNDLE_IDENTIFIER</key>
				<string>$(PHH_BUNDLE_ID)</string>
				<key>INFOPLIST_FILE</key>
				<string>App/Info.plist</string>
				<key>IPHONEOS_DEPLOYMENT_TARGET</key>
				<string>26.0</string>
				<key>SWIFT_VERSION</key>
				<string>6.0</string>
				<key>TARGETED_DEVICE_FAMILY</key>
				<string>1</string>
				<key>CODE_SIGN_STYLE</key>
				<string>Automatic</string>
				<key>CODE_SIGN_ENTITLEMENTS</key>
				<string>App/PHHHub.entitlements</string>
				<key>SUPPORTED_PLATFORMS</key>
				<string>iphoneos iphonesimulator</string>
				<key>SDKROOT</key>
				<string>iphoneos</string>
				<key>SWIFT_OPTIMIZATION_LEVEL</key>
				<string>-Onone</string>
				<key>GENERATE_INFOPLIST_FILE</key>
				<string>NO</string>
				<key>ENABLE_USER_SCRIPT_SANDBOXING</key>
				<string>YES</string>
				<key>LD_RUNPATH_SEARCH_PATHS</key>
				<array>
					<string>$(inherited)</string>
					<string>@executable_path/Frameworks</string>
				</array>
			</dict>
			<key>baseConfigurationReference</key>
			<string>D6D2A14C0A920E239FB7BD49</string>
		</dict>
		<key>73EBF6644258C120893E685D</key>
		<dict>
			<key>isa</key>
			<string>XCBuildConfiguration</string>
			<key>name</key>
			<string>Debug</string>
			<key>buildSettings</key>
			<dict>
				<key>CLANG_ENABLE_MODULES</key>
				<string>YES</string>
				<key>CLANG_ENABLE_OBJC_ARC</key>
				<string>YES</string>
				<key>DEBUG_INFORMATION_FORMAT</key>
				<string>dwarf</string>
				<key>SWIFT_ACTIVE_COMPILATION_CONDITIONS</key>
				<string>DEBUG</string>
			</dict>
		</dict>
		<key>DD75E2CB1C510A828AC72D96</key>
		<dict>
			<key>isa</key>
			<string>XCBuildConfiguration</string>
			<key>name</key>
			<string>Release</string>
			<key>buildSettings</key>
			<dict>
				<key>PRODUCT_NAME</key>
				<string>PHHHub</string>
				<key>PRODUCT_BUNDLE_IDENTIFIER</key>
				<string>$(PHH_BUNDLE_ID)</string>
				<key>INFOPLIST_FILE</key>
				<string>App/Info.plist</string>
				<key>IPHONEOS_DEPLOYMENT_TARGET</key>
				<string>26.0</string>
				<key>SWIFT_VERSION</key>
				<string>6.0</string>
				<key>TARGETED_DEVICE_FAMILY</key>
				<string>1</string>
				<key>CODE_SIGN_STYLE</key>
				<string>Automatic</string>
				<key>CODE_SIGN_ENTITLEMENTS</key>
				<string>App/PHHHub.entitlements</string>
				<key>SUPPORTED_PLATFORMS</key>
				<string>iphoneos iphonesimulator</string>
				<key>SDKROOT</key>
				<string>iphoneos</string>
				<key>SWIFT_OPTIMIZATION_LEVEL</key>
				<string>-O</string>
				<key>GENERATE_INFOPLIST_FILE</key>
				<string>NO</string>
				<key>ENABLE_USER_SCRIPT_SANDBOXING</key>
				<string>YES</string>
				<key>LD_RUNPATH_SEARCH_PATHS</key>
				<array>
					<string>$(inherited)</string>
					<string>@executable_path/Frameworks</string>
				</array>
			</dict>
			<key>baseConfigurationReference</key>
			<string>D6D2A14C0A920E239FB7BD49</string>
		</dict>
		<key>0B0C687DF8B6B8DC790B519C</key>
		<dict>
			<key>isa</key>
			<string>XCBuildConfiguration</string>
			<key>name</key>
			<string>Release</string>
			<key>buildSettings</key>
			<dict>
				<key>CLANG_ENABLE_MODULES</key>
				<string>YES</string>
				<key>CLANG_ENABLE_OBJC_ARC</key>
				<string>YES</string>
				<key>DEBUG_INFORMATION_FORMAT</key>
				<string>dwarf</string>
				<key>SWIFT_ACTIVE_COMPILATION_CONDITIONS</key>
				<string></string>
			</dict>
		</dict>
		<key>1B672BF3DA427763BF644BE3</key>
		<dict>
			<key>isa</key>
			<string>XCConfigurationList</string>
			<key>buildConfigurations</key>
			<array>
				<string>6C7EFF6369083C8E1F2B1994</string>
				<string>DD75E2CB1C510A828AC72D96</string>
			</array>
			<key>defaultConfigurationIsVisible</key>
			<integer>0</integer>
			<key>defaultConfigurationName</key>
			<string>Debug</string>
		</dict>
		<key>76F8DEC3DFE0BDB465198890</key>
		<dict>
			<key>isa</key>
			<string>XCConfigurationList</string>
			<key>buildConfigurations</key>
			<array>
				<string>73EBF6644258C120893E685D</string>
				<string>0B0C687DF8B6B8DC790B519C</string>
			</array>
			<key>defaultConfigurationIsVisible</key>
			<integer>0</integer>
			<key>defaultConfigurationName</key>
			<string>Debug</string>
		</dict>
		<key>34A04005BCAF206EEC990BD9</key>
		<dict>
			<key>isa</key>
			<string>PBXNativeTarget</string>
			<key>buildConfigurationList</key>
			<string>1B672BF3DA427763BF644BE3</string>
			<key>buildPhases</key>
			<array>
				<string>878A52FC5FF6A57D50B7B870</string>
				<string>E2AA269EB967A8853A258BFA</string>
				<string>6EEB55F76600D4AD08BE72AD</string>
			</array>
			<key>buildRules</key>
			<array/>
			<key>dependencies</key>
			<array/>
			<key>name</key>
			<string>PHHHub</string>
			<key>packageProductDependencies</key>
			<array>
				<string>5059BA31087F8E0AC1388971</string>
				<string>28F278C2D0942B608412027A</string>
				<string>91A9F423FB2DDA4030BB7931</string>
			</array>
			<key>productName</key>
			<string>PHHHub</string>
			<key>productReference</key>
			<string>A8792157CB4F27FB949C035F</string>
			<key>productType</key>
			<string>com.apple.product-type.application</string>
		</dict>
		<key>F5F993C2B1FE8FA43E7709E5</key>
		<dict>
			<key>isa</key>
			<string>PBXFileReference</string>
			<key>lastKnownFileType</key>
			<string>sourcecode.swift</string>
			<key>path</key>
			<string>UITests/CalendarLayoutUITests.swift</string>
			<key>sourceTree</key>
			<string>&lt;group&gt;</string>
		</dict>
		<key>1900EA4C31F9EC4CFDFA0C00</key>
		<dict>
			<key>isa</key>
			<string>PBXBuildFile</string>
			<key>fileRef</key>
			<string>F5F993C2B1FE8FA43E7709E5</string>
		</dict>
		<key>8BA0547B2BEC0E41492B9069</key>
		<dict>
			<key>isa</key>
			<string>PBXFileReference</string>
			<key>lastKnownFileType</key>
			<string>sourcecode.swift</string>
			<key>path</key>
			<string>UITests/HistoryLayoutUITests.swift</string>
			<key>sourceTree</key>
			<string>&lt;group&gt;</string>
		</dict>
		<key>E69DA2FE53C3CC68BDC41C91</key>
		<dict>
			<key>isa</key>
			<string>PBXBuildFile</string>
			<key>fileRef</key>
			<string>8BA0547B2BEC0E41492B9069</string>
		</dict>
		<key>486300CAC6BAFCD8A9C1F611</key>
		<dict>
			<key>isa</key>
			<string>PBXFileReference</string>
			<key>lastKnownFileType</key>
			<string>sourcecode.swift</string>
			<key>path</key>
			<string>UITests/HubUITests.swift</string>
			<key>sourceTree</key>
			<string>&lt;group&gt;</string>
		</dict>
		<key>9CAAE99A5B3A335861EC2916</key>
		<dict>
			<key>isa</key>
			<string>PBXBuildFile</string>
			<key>fileRef</key>
			<string>486300CAC6BAFCD8A9C1F611</string>
		</dict>
		<key>A75BB75487197B9746C06723</key>
		<dict>
			<key>isa</key>
			<string>PBXFileReference</string>
			<key>lastKnownFileType</key>
			<string>sourcecode.swift</string>
			<key>path</key>
			<string>UITests/PFCAppearanceUITests.swift</string>
			<key>sourceTree</key>
			<string>&lt;group&gt;</string>
		</dict>
		<key>DA174CCB73B2CE292527EA2D</key>
		<dict>
			<key>isa</key>
			<string>PBXBuildFile</string>
			<key>fileRef</key>
			<string>A75BB75487197B9746C06723</string>
		</dict>
		<key>D7677821F9AC5B5FC827E322</key>
		<dict>
			<key>isa</key>
			<string>PBXFileReference</string>
			<key>lastKnownFileType</key>
			<string>sourcecode.swift</string>
			<key>path</key>
			<string>UITests/PlanningLanguageUITests.swift</string>
			<key>sourceTree</key>
			<string>&lt;group&gt;</string>
		</dict>
		<key>53FB578E58AD4DB2E0080975</key>
		<dict>
			<key>isa</key>
			<string>PBXBuildFile</string>
			<key>fileRef</key>
			<string>D7677821F9AC5B5FC827E322</string>
		</dict>
		<key>41CE8BADA27D8408DA1EA9DB</key>
		<dict>
			<key>isa</key>
			<string>PBXFileReference</string>
			<key>lastKnownFileType</key>
			<string>sourcecode.swift</string>
			<key>path</key>
			<string>UITests/RecentSetsLayoutUITests.swift</string>
			<key>sourceTree</key>
			<string>&lt;group&gt;</string>
		</dict>
		<key>B52CCB4E18B59B49B68B70C5</key>
		<dict>
			<key>isa</key>
			<string>PBXBuildFile</string>
			<key>fileRef</key>
			<string>41CE8BADA27D8408DA1EA9DB</string>
		</dict>
		<key>BA864C19F90544C20D9DDBB5</key>
		<dict>
			<key>isa</key>
			<string>PBXFileReference</string>
			<key>lastKnownFileType</key>
			<string>sourcecode.swift</string>
			<key>path</key>
			<string>UITests/SupplementControlsUITests.swift</string>
			<key>sourceTree</key>
			<string>&lt;group&gt;</string>
		</dict>
		<key>919E646D4800B8C2DAF64D00</key>
		<dict>
			<key>isa</key>
			<string>PBXBuildFile</string>
			<key>fileRef</key>
			<string>BA864C19F90544C20D9DDBB5</string>
		</dict>
		<key>C8E484EC641F0F4A1CB1FE41</key>
		<dict>
			<key>isa</key>
			<string>PBXFileReference</string>
			<key>explicitFileType</key>
			<string>wrapper.cfbundle</string>
			<key>path</key>
			<string>PHHHubUITests.xctest</string>
			<key>sourceTree</key>
			<string>BUILT_PRODUCTS_DIR</string>
		</dict>
		<key>28A722929B94EC37AFB5BA4F</key>
		<dict>
			<key>isa</key>
			<string>XCBuildConfiguration</string>
			<key>name</key>
			<string>Debug</string>
			<key>buildSettings</key>
			<dict>
				<key>PRODUCT_NAME</key>
				<string>PHHHubUITests</string>
				<key>PRODUCT_BUNDLE_IDENTIFIER</key>
				<string>jp.personalhealthhub.app.uitests</string>
				<key>GENERATE_INFOPLIST_FILE</key>
				<string>YES</string>
				<key>IPHONEOS_DEPLOYMENT_TARGET</key>
				<string>26.0</string>
				<key>SWIFT_VERSION</key>
				<string>6.0</string>
				<key>SDKROOT</key>
				<string>iphoneos</string>
				<key>SUPPORTED_PLATFORMS</key>
				<string>iphonesimulator</string>
				<key>TARGETED_DEVICE_FAMILY</key>
				<string>1</string>
				<key>TEST_TARGET_NAME</key>
				<string>PHHHub</string>
				<key>CODE_SIGNING_ALLOWED</key>
				<string>NO</string>
			</dict>
		</dict>
		<key>F318EF763F11578FF40814E6</key>
		<dict>
			<key>isa</key>
			<string>XCBuildConfiguration</string>
			<key>name</key>
			<string>Release</string>
			<key>buildSettings</key>
			<dict>
				<key>PRODUCT_NAME</key>
				<string>PHHHubUITests</string>
				<key>PRODUCT_BUNDLE_IDENTIFIER</key>
				<string>jp.personalhealthhub.app.uitests</string>
				<key>GENERATE_INFOPLIST_FILE</key>
				<string>YES</string>
				<key>IPHONEOS_DEPLOYMENT_TARGET</key>
				<string>26.0</string>
				<key>SWIFT_VERSION</key>
				<string>6.0</string>
				<key>SDKROOT</key>
				<string>iphoneos</string>
				<key>SUPPORTED_PLATFORMS</key>
				<string>iphonesimulator</string>
				<key>TARGETED_DEVICE_FAMILY</key>
				<string>1</string>
				<key>TEST_TARGET_NAME</key>
				<string>PHHHub</string>
				<key>CODE_SIGNING_ALLOWED</key>
				<string>NO</string>
			</dict>
		</dict>
		<key>76B96C5EF5145B0A3645A24E</key>
		<dict>
			<key>isa</key>
			<string>XCConfigurationList</string>
			<key>buildConfigurations</key>
			<array>
				<string>28A722929B94EC37AFB5BA4F</string>
				<string>F318EF763F11578FF40814E6</string>
			</array>
			<key>defaultConfigurationIsVisible</key>
			<integer>0</integer>
			<key>defaultConfigurationName</key>
			<string>Debug</string>
		</dict>
		<key>9D60C59924AD51C93A497CCA</key>
		<dict>
			<key>isa</key>
			<string>PBXSourcesBuildPhase</string>
			<key>buildActionMask</key>
			<integer>2147483647</integer>
			<key>files</key>
			<array>
				<string>1900EA4C31F9EC4CFDFA0C00</string>
				<string>E69DA2FE53C3CC68BDC41C91</string>
				<string>9CAAE99A5B3A335861EC2916</string>
				<string>DA174CCB73B2CE292527EA2D</string>
				<string>53FB578E58AD4DB2E0080975</string>
				<string>B52CCB4E18B59B49B68B70C5</string>
				<string>919E646D4800B8C2DAF64D00</string>
			</array>
			<key>runOnlyForDeploymentPostprocessing</key>
			<integer>0</integer>
		</dict>
		<key>F0A364C6B84584EEE877F28C</key>
		<dict>
			<key>isa</key>
			<string>PBXContainerItemProxy</string>
			<key>containerPortal</key>
			<string>244210E48437B6556980A702</string>
			<key>proxyType</key>
			<integer>1</integer>
			<key>remoteGlobalIDString</key>
			<string>34A04005BCAF206EEC990BD9</string>
			<key>remoteInfo</key>
			<string>PHHHub</string>
		</dict>
		<key>08B94E6301AEBA8799C0C442</key>
		<dict>
			<key>isa</key>
			<string>PBXTargetDependency</string>
			<key>target</key>
			<string>34A04005BCAF206EEC990BD9</string>
			<key>targetProxy</key>
			<string>F0A364C6B84584EEE877F28C</string>
		</dict>
		<key>081E6A32608AE613323375AA</key>
		<dict>
			<key>isa</key>
			<string>PBXNativeTarget</string>
			<key>buildConfigurationList</key>
			<string>76B96C5EF5145B0A3645A24E</string>
			<key>buildPhases</key>
			<array>
				<string>9D60C59924AD51C93A497CCA</string>
			</array>
			<key>buildRules</key>
			<array/>
			<key>dependencies</key>
			<array>
				<string>08B94E6301AEBA8799C0C442</string>
			</array>
			<key>name</key>
			<string>PHHHubUITests</string>
			<key>productName</key>
			<string>PHHHubUITests</string>
			<key>productReference</key>
			<string>C8E484EC641F0F4A1CB1FE41</string>
			<key>productType</key>
			<string>com.apple.product-type.bundle.ui-testing</string>
		</dict>
		<key>244210E48437B6556980A702</key>
		<dict>
			<key>isa</key>
			<string>PBXProject</string>
			<key>attributes</key>
			<dict>
				<key>LastUpgradeCheck</key>
				<string>2700</string>
				<key>TargetAttributes</key>
				<dict>
					<key>081E6A32608AE613323375AA</key>
					<dict>
						<key>TestTargetID</key>
						<string>34A04005BCAF206EEC990BD9</string>
					</dict>
				</dict>
			</dict>
			<key>buildConfigurationList</key>
			<string>76F8DEC3DFE0BDB465198890</string>
			<key>compatibilityVersion</key>
			<string>Xcode 14.0</string>
			<key>developmentRegion</key>
			<string>ja</string>
			<key>hasScannedForEncodings</key>
			<integer>0</integer>
			<key>knownRegions</key>
			<array>
				<string>ja</string>
				<string>en</string>
				<string>Base</string>
			</array>
			<key>mainGroup</key>
			<string>0D6E4079E36703EBD37C0072</string>
			<key>productRefGroup</key>
			<string>0A3E27B8CA818264D75C8D81</string>
			<key>projectDirPath</key>
			<string></string>
			<key>projectRoot</key>
			<string></string>
			<key>targets</key>
			<array>
				<string>34A04005BCAF206EEC990BD9</string>
				<string>081E6A32608AE613323375AA</string>
			</array>
			<key>packageReferences</key>
			<array>
				<string>0D45F5FD462B8C70BFFB1002</string>
				<string>BBDEFA2950F49882F295B128</string>
			</array>
		</dict>
	</dict>
	<key>rootObject</key>
	<string>244210E48437B6556980A702</string>
</dict>
</plist>
